
Microsoft Visual Studio Solution File, Format Version 12.00
# Visual Studio Version 16
VisualStudioVersion = 16.0.32413.511
MinimumVisualStudioVersion = 10.0.40219.1
Project("{FAE04EC0-301F-11D3-BF4B-00C04F79EFBC}") = "Inventaris_Barang_Kantor_Kabupaten_Bantul", "Inventaris_Barang_Kantor_Kabupaten_Bantul\Inventaris_Barang_Kantor_Kabupaten_Bantul.csproj", "{0C5EF58D-5667-4451-B700-D667B9D454B6}"
EndProject
Global
	GlobalSection(SolutionConfigurationPlatforms) = preSolution
		Debug|Any CPU = Debug|Any CPU
		Release|Any CPU = Release|Any CPU
	EndGlobalSection
	GlobalSection(ProjectConfigurationPlatforms) = postSolution
		{0C5EF58D-5667-4451-B700-D667B9D454B6}.Debug|Any CPU.ActiveCfg = Debug|Any CPU
		{0C5EF58D-5667-4451-B700-D667B9D454B6}.Debug|Any CPU.Build.0 = Debug|Any CPU
		{0C5EF58D-5667-4451-B700-D667B9D454B6}.Release|Any CPU.ActiveCfg = Release|Any CPU
		{0C5EF58D-5667-4451-B700-D667B9D454B6}.Release|Any CPU.Build.0 = Release|Any CPU
	EndGlobalSection
	GlobalSection(SolutionProperties) = preSolution
		HideSolutionNode = FALSE
	EndGlobalSection
	GlobalSection(ExtensibilityGlobals) = postSolution
		SolutionGuid = {BAE7DF25-D49C-4B76-8709-75750E8D8407}
	EndGlobalSection
EndGlobal
